
Microsoft Visual Studio Solution File, Format Version 12.00
# Visual Studio 15
VisualStudioVersion = 15.0.26730.12
MinimumVisualStudioVersion = 10.0.40219.1
Project("{FAE04EC0-301F-11D3-BF4B-00C04F79EFBC}") = "02.controls", "02.controls\02.controls.csproj", "{62AED631-69B0-4BCA-A125-42E41801E255}"
EndProject
Global
	GlobalSection(SolutionConfigurationPlatforms) = preSolution
		Debug|Any CPU = Debug|Any CPU
		Release|Any CPU = Release|Any CPU
	EndGlobalSection
	GlobalSection(ProjectConfigurationPlatforms) = postSolution
		{62AED631-69B0-4BCA-A125-42E41801E255}.Debug|Any CPU.ActiveCfg = Debug|Any CPU
		{62AED631-69B0-4BCA-A125-42E41801E255}.Debug|Any CPU.Build.0 = Debug|Any CPU
		{62AED631-69B0-4BCA-A125-42E41801E255}.Release|Any CPU.ActiveCfg = Release|Any CPU
		{62AED631-69B0-4BCA-A125-42E41801E255}.Release|Any CPU.Build.0 = Release|Any CPU
	EndGlobalSection
	GlobalSection(SolutionProperties) = preSolution
		HideSolutionNode = FALSE
	EndGlobalSection
	GlobalSection(ExtensibilityGlobals) = postSolution
		SolutionGuid = {48FA212C-8FDB-4386-A764-C9D18B8406D5}
	EndGlobalSection
EndGlobal
